// !$*UTF8*$!
{
	archiveVersion = 1;
	classes = {
	};
	objectVersion = 46;
	objects = {

/* Begin PBXBuildFile section */
		EF0E0F5C1D8845B70085EB7F /* Memo in Resources */ = {isa = PBXBuildFile; fileRef = EF0E0F5B1D8845B70085EB7F /* Memo */; };
		EF0E72FF1DA026E1000BC8F4 /* 297241.pdf in Resources */ = {isa = PBXBuildFile; fileRef = EF0E72F91DA026E1000BC8F4 /* 297241.pdf */; };
		EF0E73001DA026E1000BC8F4 /* 297063.pdf in Resources */ = {isa = PBXBuildFile; fileRef = EF0E72FA1DA026E1000BC8F4 /* 297063.pdf */; };
		EF0E73011DA026E1000BC8F4 /* 274630.pdf in Resources */ = {isa = PBXBuildFile; fileRef = EF0E72FB1DA026E1000BC8F4 /* 274630.pdf */; };
		EF0E73021DA026E1000BC8F4 /* 217564.pdf in Resources */ = {isa = PBXBuildFile; fileRef = EF0E72FC1DA026E1000BC8F4 /* 217564.pdf */; };
		EF0E73031DA026E1000BC8F4 /* 197809.pdf in Resources */ = {isa = PBXBuildFile; fileRef = EF0E72FD1DA026E1000BC8F4 /* 197809.pdf */; };
		EF0E73041DA026E1000BC8F4 /* 184825.pdf in Resources */ = {isa = PBXBuildFile; fileRef = EF0E72FE1DA026E1000BC8F4 /* 184825.pdf */; };
		EF0E73081DA2790A000BC8F4 /* MainTabBarController.m in Sources */ = {isa = PBXBuildFile; fileRef = EF0E73071DA2790A000BC8F4 /* MainTabBarController.m */; };
		EF2116BE1CB1247A004F9F9A /* SunMoonCalc2.m in Sources */ = {isa = PBXBuildFile; fileRef = EF2116BD1CB1247A004F9F9A /* SunMoonCalc2.m */; };
		EF2116C11CB2B34C004F9F9A /* SunMoonCalc2Data.m in Sources */ = {isa = PBXBuildFile; fileRef = EF2116C01CB2B34C004F9F9A /* SunMoonCalc2Data.m */; };
		EF226E821DA363760068C4AF /* 314662.pdf in Resources */ = {isa = PBXBuildFile; fileRef = EF226E811DA363760068C4AF /* 314662.pdf */; };
		EF226E891DA51E130068C4AF /* SingleLinePlanColumnView.m in Sources */ = {isa = PBXBuildFile; fileRef = EF226E881DA51E130068C4AF /* SingleLinePlanColumnView.m */; };
		EF226E8B1DA51E750068C4AF /* SingleLinePlanColumnView.xib in Resources */ = {isa = PBXBuildFile; fileRef = EF226E8A1DA51E750068C4AF /* SingleLinePlanColumnView.xib */; };
		EF226E8E1DA547FD0068C4AF /* CourseCalc.m in Sources */ = {isa = PBXBuildFile; fileRef = EF226E8D1DA547FD0068C4AF /* CourseCalc.m */; };
		EF226E911DA6A0F10068C4AF /* SunMoon.m in Sources */ = {isa = PBXBuildFile; fileRef = EF226E901DA6A0F10068C4AF /* SunMoon.m */; };
		EF226E941DA8043C0068C4AF /* SelectTimeViewController.m in Sources */ = {isa = PBXBuildFile; fileRef = EF226E931DA8043C0068C4AF /* SelectTimeViewController.m */; };
		EF2526A01D9D788900B5E392 /* DoubleLinePlanColumnView.xib in Resources */ = {isa = PBXBuildFile; fileRef = EF25269F1D9D788900B5E392 /* DoubleLinePlanColumnView.xib */; };
		EF2D0DBF1D9FAC030099B505 /* DoubleLinePlanColumnView.m in Sources */ = {isa = PBXBuildFile; fileRef = EF2D0DBE1D9FAC030099B505 /* DoubleLinePlanColumnView.m */; };
		EF31A0FF1D95928100F8048D /* SummeryViewController.m in Sources */ = {isa = PBXBuildFile; fileRef = EF31A0FE1D95928100F8048D /* SummeryViewController.m */; };
		EF48F8C61CD55A7B004DC03A /* PlanTableViewCell.m in Sources */ = {isa = PBXBuildFile; fileRef = EF48F8C41CD55A7B004DC03A /* PlanTableViewCell.m */; };
		EF4EF85C1CA34D9500FD897F /* main.m in Sources */ = {isa = PBXBuildFile; fileRef = EF4EF85B1CA34D9500FD897F /* main.m */; };
		EF4EF85F1CA34D9500FD897F /* AppDelegate.m in Sources */ = {isa = PBXBuildFile; fileRef = EF4EF85E1CA34D9500FD897F /* AppDelegate.m */; };
		EF4EF8621CA34D9500FD897F /* PlanViewController.m in Sources */ = {isa = PBXBuildFile; fileRef = EF4EF8611CA34D9500FD897F /* PlanViewController.m */; };
		EF4EF8651CA34D9500FD897F /* Main.storyboard in Resources */ = {isa = PBXBuildFile; fileRef = EF4EF8631CA34D9500FD897F /* Main.storyboard */; };
		EF4EF8671CA34D9500FD897F /* Assets.xcassets in Resources */ = {isa = PBXBuildFile; fileRef = EF4EF8661CA34D9500FD897F /* Assets.xcassets */; };
		EF4EF86A1CA34D9500FD897F /* LaunchScreen.storyboard in Resources */ = {isa = PBXBuildFile; fileRef = EF4EF8681CA34D9500FD897F /* LaunchScreen.storyboard */; };
		EF4EF8751CA34D9600FD897F /* iFlightPlanTests.m in Sources */ = {isa = PBXBuildFile; fileRef = EF4EF8741CA34D9600FD897F /* iFlightPlanTests.m */; };
		EF4EF8801CA34D9600FD897F /* iFlightPlanUITests.m in Sources */ = {isa = PBXBuildFile; fileRef = EF4EF87F1CA34D9600FD897F /* iFlightPlanUITests.m */; };
		EF4EF8911CA34E1F00FD897F /* SunMoonCalc.m in Sources */ = {isa = PBXBuildFile; fileRef = EF4EF8901CA34E1F00FD897F /* SunMoonCalc.m */; };
		EFE3F1471D92DDCA003A5903 /* TitleViewController.m in Sources */ = {isa = PBXBuildFile; fileRef = EFE3F1461D92DDCA003A5903 /* TitleViewController.m */; };
		EFE3F1561D934896003A5903 /* PDFReader.m in Sources */ = {isa = PBXBuildFile; fileRef = EFE3F1551D934896003A5903 /* PDFReader.m */; };
		EFE3F15B1D942D55003A5903 /* 292650.pdf in Resources */ = {isa = PBXBuildFile; fileRef = EFE3F15A1D942D55003A5903 /* 292650.pdf */; };
/* End PBXBuildFile section */

/* Begin PBXContainerItemProxy section */
		EF4EF8711CA34D9600FD897F /* PBXContainerItemProxy */ = {
			isa = PBXContainerItemProxy;
			containerPortal = EF4EF84F1CA34D9500FD897F /* Project object */;
			proxyType = 1;
			remoteGlobalIDString = EF4EF8561CA34D9500FD897F;
			remoteInfo = iFlightPlan;
		};
		EF4EF87C1CA34D9600FD897F /* PBXContainerItemProxy */ = {
			isa = PBXContainerItemProxy;
			containerPortal = EF4EF84F1CA34D9500FD897F /* Project object */;
			proxyType = 1;
			remoteGlobalIDString = EF4EF8561CA34D9500FD897F;
			remoteInfo = iFlightPlan;
		};
/* End PBXContainerItemProxy section */

/* Begin PBXFileReference section */
		EF0E0F5B1D8845B70085EB7F /* Memo */ = {isa = PBXFileReference; fileEncoding = 4; lastKnownFileType = text; name = Memo; path = iFlightPlan/Memo; sourceTree = "<group>"; };
		EF0E72F91DA026E1000BC8F4 /* 297241.pdf */ = {isa = PBXFileReference; lastKnownFileType = image.pdf; path = 297241.pdf; sourceTree = "<group>"; };
		EF0E72FA1DA026E1000BC8F4 /* 297063.pdf */ = {isa = PBXFileReference; lastKnownFileType = image.pdf; path = 297063.pdf; sourceTree = "<group>"; };
		EF0E72FB1DA026E1000BC8F4 /* 274630.pdf */ = {isa = PBXFileReference; lastKnownFileType = image.pdf; path = 274630.pdf; sourceTree = "<group>"; };
		EF0E72FC1DA026E1000BC8F4 /* 217564.pdf */ = {isa = PBXFileReference; lastKnownFileType = image.pdf; path = 217564.pdf; sourceTree = "<group>"; };
		EF0E72FD1DA026E1000BC8F4 /* 197809.pdf */ = {isa = PBXFileReference; lastKnownFileType = image.pdf; path = 197809.pdf; sourceTree = "<group>"; };
		EF0E72FE1DA026E1000BC8F4 /* 184825.pdf */ = {isa = PBXFileReference; lastKnownFileType = image.pdf; path = 184825.pdf; sourceTree = "<group>"; };
		EF0E73061DA2790A000BC8F4 /* MainTabBarController.h */ = {isa = PBXFileReference; fileEncoding = 4; lastKnownFileType = sourcecode.c.h; path = MainTabBarController.h; sourceTree = "<group>"; };
		EF0E73071DA2790A000BC8F4 /* MainTabBarController.m */ = {isa = PBXFileReference; fileEncoding = 4; lastKnownFileType = sourcecode.c.objc; path = MainTabBarController.m; sourceTree = "<group>"; };
		EF2116BC1CB1247A004F9F9A /* SunMoonCalc2.h */ = {isa = PBXFileReference; fileEncoding = 4; lastKnownFileType = sourcecode.c.h; path = SunMoonCalc2.h; sourceTree = "<group>"; };
		EF2116BD1CB1247A004F9F9A /* SunMoonCalc2.m */ = {isa = PBXFileReference; fileEncoding = 4; lastKnownFileType = sourcecode.c.objc; path = SunMoonCalc2.m; sourceTree = "<group>"; };
		EF2116BF1CB2B34C004F9F9A /* SunMoonCalc2Data.h */ = {isa = PBXFileReference; fileEncoding = 4; lastKnownFileType = sourcecode.c.h; path = SunMoonCalc2Data.h; sourceTree = "<group>"; };
		EF2116C01CB2B34C004F9F9A /* SunMoonCalc2Data.m */ = {isa = PBXFileReference; fileEncoding = 4; lastKnownFileType = sourcecode.c.objc; path = SunMoonCalc2Data.m; sourceTree = "<group>"; };
		EF226E811DA363760068C4AF /* 314662.pdf */ = {isa = PBXFileReference; lastKnownFileType = image.pdf; path = 314662.pdf; sourceTree = "<group>"; };
		EF226E871DA51E130068C4AF /* SingleLinePlanColumnView.h */ = {isa = PBXFileReference; fileEncoding = 4; lastKnownFileType = sourcecode.c.h; path = SingleLinePlanColumnView.h; sourceTree = "<group>"; };
		EF226E881DA51E130068C4AF /* SingleLinePlanColumnView.m */ = {isa = PBXFileReference; fileEncoding = 4; lastKnownFileType = sourcecode.c.objc; path = SingleLinePlanColumnView.m; sourceTree = "<group>"; };
		EF226E8A1DA51E750068C4AF /* SingleLinePlanColumnView.xib */ = {isa = PBXFileReference; fileEncoding = 4; lastKnownFileType = file.xib; path = SingleLinePlanColumnView.xib; sourceTree = "<group>"; };
		EF226E8C1DA547FD0068C4AF /* CourseCalc.h */ = {isa = PBXFileReference; fileEncoding = 4; lastKnownFileType = sourcecode.c.h; path = CourseCalc.h; sourceTree = "<group>"; };
		EF226E8D1DA547FD0068C4AF /* CourseCalc.m */ = {isa = PBXFileReference; fileEncoding = 4; lastKnownFileType = sourcecode.c.objc; path = CourseCalc.m; sourceTree = "<group>"; };
		EF226E8F1DA6A0F10068C4AF /* SunMoon.h */ = {isa = PBXFileReference; fileEncoding = 4; lastKnownFileType = sourcecode.c.h; path = SunMoon.h; sourceTree = "<group>"; };
		EF226E901DA6A0F10068C4AF /* SunMoon.m */ = {isa = PBXFileReference; fileEncoding = 4; lastKnownFileType = sourcecode.c.objc; path = SunMoon.m; sourceTree = "<group>"; };
		EF226E921DA8043C0068C4AF /* SelectTimeViewController.h */ = {isa = PBXFileReference; fileEncoding = 4; lastKnownFileType = sourcecode.c.h; path = SelectTimeViewController.h; sourceTree = "<group>"; };
		EF226E931DA8043C0068C4AF /* SelectTimeViewController.m */ = {isa = PBXFileReference; fileEncoding = 4; lastKnownFileType = sourcecode.c.objc; path = SelectTimeViewController.m; sourceTree = "<group>"; };
		EF25269F1D9D788900B5E392 /* DoubleLinePlanColumnView.xib */ = {isa = PBXFileReference; fileEncoding = 4; lastKnownFileType = file.xib; path = DoubleLinePlanColumnView.xib; sourceTree = "<group>"; };
		EF2D0DBD1D9FAC030099B505 /* DoubleLinePlanColumnView.h */ = {isa = PBXFileReference; fileEncoding = 4; lastKnownFileType = sourcecode.c.h; path = DoubleLinePlanColumnView.h; sourceTree = "<group>"; };
		EF2D0DBE1D9FAC030099B505 /* DoubleLinePlanColumnView.m */ = {isa = PBXFileReference; fileEncoding = 4; lastKnownFileType = sourcecode.c.objc; path = DoubleLinePlanColumnView.m; sourceTree = "<group>"; };
		EF31A0FD1D95928100F8048D /* SummeryViewController.h */ = {isa = PBXFileReference; fileEncoding = 4; lastKnownFileType = sourcecode.c.h; path = SummeryViewController.h; sourceTree = "<group>"; };
		EF31A0FE1D95928100F8048D /* SummeryViewController.m */ = {isa = PBXFileReference; fileEncoding = 4; lastKnownFileType = sourcecode.c.objc; path = SummeryViewController.m; sourceTree = "<group>"; };
		EF48F8C31CD55A7B004DC03A /* PlanTableViewCell.h */ = {isa = PBXFileReference; fileEncoding = 4; lastKnownFileType = sourcecode.c.h; path = PlanTableViewCell.h; sourceTree = "<group>"; };
		EF48F8C41CD55A7B004DC03A /* PlanTableViewCell.m */ = {isa = PBXFileReference; fileEncoding = 4; lastKnownFileType = sourcecode.c.objc; path = PlanTableViewCell.m; sourceTree = "<group>"; };
		EF4EF8571CA34D9500FD897F /* iFlightPlan.app */ = {isa = PBXFileReference; explicitFileType = wrapper.application; includeInIndex = 0; path = iFlightPlan.app; sourceTree = BUILT_PRODUCTS_DIR; };
		EF4EF85B1CA34D9500FD897F /* main.m */ = {isa = PBXFileReference; lastKnownFileType = sourcecode.c.objc; path = main.m; sourceTree = "<group>"; };
		EF4EF85D1CA34D9500FD897F /* AppDelegate.h */ = {isa = PBXFileReference; lastKnownFileType = sourcecode.c.h; path = AppDelegate.h; sourceTree = "<group>"; };
		EF4EF85E1CA34D9500FD897F /* AppDelegate.m */ = {isa = PBXFileReference; lastKnownFileType = sourcecode.c.objc; path = AppDelegate.m; sourceTree = "<group>"; };
		EF4EF8601CA34D9500FD897F /* PlanViewController.h */ = {isa = PBXFileReference; lastKnownFileType = sourcecode.c.h; path = PlanViewController.h; sourceTree = "<group>"; };
		EF4EF8611CA34D9500FD897F /* PlanViewController.m */ = {isa = PBXFileReference; lastKnownFileType = sourcecode.c.objc; path = PlanViewController.m; sourceTree = "<group>"; };
		EF4EF8641CA34D9500FD897F /* Base */ = {isa = PBXFileReference; lastKnownFileType = file.storyboard; name = Base; path = Base.lproj/Main.storyboard; sourceTree = "<group>"; };
		EF4EF8661CA34D9500FD897F /* Assets.xcassets */ = {isa = PBXFileReference; lastKnownFileType = folder.assetcatalog; path = Assets.xcassets; sourceTree = "<group>"; };
		EF4EF8691CA34D9500FD897F /* Base */ = {isa = PBXFileReference; lastKnownFileType = file.storyboard; name = Base; path = Base.lproj/LaunchScreen.storyboard; sourceTree = "<group>"; };
		EF4EF86B1CA34D9500FD897F /* Info.plist */ = {isa = PBXFileReference; lastKnownFileType = text.plist.xml; path = Info.plist; sourceTree = "<group>"; };
		EF4EF8701CA34D9600FD897F /* iFlightPlanTests.xctest */ = {isa = PBXFileReference; explicitFileType = wrapper.cfbundle; includeInIndex = 0; path = iFlightPlanTests.xctest; sourceTree = BUILT_PRODUCTS_DIR; };
		EF4EF8741CA34D9600FD897F /* iFlightPlanTests.m */ = {isa = PBXFileReference; lastKnownFileType = sourcecode.c.objc; path = iFlightPlanTests.m; sourceTree = "<group>"; };
		EF4EF8761CA34D9600FD897F /* Info.plist */ = {isa = PBXFileReference; lastKnownFileType = text.plist.xml; path = Info.plist; sourceTree = "<group>"; };
		EF4EF87B1CA34D9600FD897F /* iFlightPlanUITests.xctest */ = {isa = PBXFileReference; explicitFileType = wrapper.cfbundle; includeInIndex = 0; path = iFlightPlanUITests.xctest; sourceTree = BUILT_PRODUCTS_DIR; };
		EF4EF87F1CA34D9600FD897F /* iFlightPlanUITests.m */ = {isa = PBXFileReference; lastKnownFileType = sourcecode.c.objc; path = iFlightPlanUITests.m; sourceTree = "<group>"; };
		EF4EF8811CA34D9600FD897F /* Info.plist */ = {isa = PBXFileReference; lastKnownFileType = text.plist.xml; path = Info.plist; sourceTree = "<group>"; };
		EF4EF88F1CA34E1F00FD897F /* SunMoonCalc.h */ = {isa = PBXFileReference; fileEncoding = 4; lastKnownFileType = sourcecode.c.h; path = SunMoonCalc.h; sourceTree = "<group>"; };
		EF4EF8901CA34E1F00FD897F /* SunMoonCalc.m */ = {isa = PBXFileReference; fileEncoding = 4; lastKnownFileType = sourcecode.c.objc; path = SunMoonCalc.m; sourceTree = "<group>"; };
		EFE3F1451D92DDCA003A5903 /* TitleViewController.h */ = {isa = PBXFileReference; fileEncoding = 4; lastKnownFileType = sourcecode.c.h; path = TitleViewController.h; sourceTree = "<group>"; };
		EFE3F1461D92DDCA003A5903 /* TitleViewController.m */ = {isa = PBXFileReference; fileEncoding = 4; lastKnownFileType = sourcecode.c.objc; path = TitleViewController.m; sourceTree = "<group>"; };
		EFE3F1541D934896003A5903 /* PDFReader.h */ = {isa = PBXFileReference; fileEncoding = 4; lastKnownFileType = sourcecode.c.h; path = PDFReader.h; sourceTree = "<group>"; };
		EFE3F1551D934896003A5903 /* PDFReader.m */ = {isa = PBXFileReference; fileEncoding = 4; lastKnownFileType = sourcecode.c.objc; path = PDFReader.m; sourceTree = "<group>"; };
		EFE3F1581D934DAD003A5903 /* CoreGraphics.framework */ = {isa = PBXFileReference; lastKnownFileType = wrapper.framework; name = CoreGraphics.framework; path = System/Library/Frameworks/CoreGraphics.framework; sourceTree = SDKROOT; };
		EFE3F15A1D942D55003A5903 /* 292650.pdf */ = {isa = PBXFileReference; lastKnownFileType = image.pdf; path = 292650.pdf; sourceTree = "<group>"; };
/* End PBXFileReference section */

/* Begin PBXFrameworksBuildPhase section */
		EF4EF8541CA34D9500FD897F /* Frameworks */ = {
			isa = PBXFrameworksBuildPhase;
			buildActionMask = 2147483647;
			files = (
			);
			runOnlyForDeploymentPostprocessing = 0;
		};
		EF4EF86D1CA34D9600FD897F /* Frameworks */ = {
			isa = PBXFrameworksBuildPhase;
			buildActionMask = 2147483647;
			files = (
			);
			runOnlyForDeploymentPostprocessing = 0;
		};
		EF4EF8781CA34D9600FD897F /* Frameworks */ = {
			isa = PBXFrameworksBuildPhase;
			buildActionMask = 2147483647;
			files = (
			);
			runOnlyForDeploymentPostprocessing = 0;
		};
/* End PBXFrameworksBuildPhase section */

/* Begin PBXGroup section */
		EF0E73051DA026EA000BC8F4 /* test plan */ = {
			isa = PBXGroup;
			children = (
				EF0E72F91DA026E1000BC8F4 /* 297241.pdf */,
				EF0E72FA1DA026E1000BC8F4 /* 297063.pdf */,
				EF0E72FB1DA026E1000BC8F4 /* 274630.pdf */,
				EF0E72FC1DA026E1000BC8F4 /* 217564.pdf */,
				EF0E72FD1DA026E1000BC8F4 /* 197809.pdf */,
				EF0E72FE1DA026E1000BC8F4 /* 184825.pdf */,
				EFE3F15A1D942D55003A5903 /* 292650.pdf */,
				EF226E811DA363760068C4AF /* 314662.pdf */,
			);
			name = "test plan";
			sourceTree = "<group>";
		};
		EF31A0FC1D95922300F8048D /* Plan */ = {
			isa = PBXGroup;
			children = (
				EF4EF8601CA34D9500FD897F /* PlanViewController.h */,
				EF4EF8611CA34D9500FD897F /* PlanViewController.m */,
				EF48F8C31CD55A7B004DC03A /* PlanTableViewCell.h */,
				EF48F8C41CD55A7B004DC03A /* PlanTableViewCell.m */,
				EF226E8A1DA51E750068C4AF /* SingleLinePlanColumnView.xib */,
				EF226E871DA51E130068C4AF /* SingleLinePlanColumnView.h */,
				EF226E881DA51E130068C4AF /* SingleLinePlanColumnView.m */,
				EF25269F1D9D788900B5E392 /* DoubleLinePlanColumnView.xib */,
				EF2D0DBD1D9FAC030099B505 /* DoubleLinePlanColumnView.h */,
				EF2D0DBE1D9FAC030099B505 /* DoubleLinePlanColumnView.m */,
			);
			name = Plan;
			sourceTree = "<group>";
		};
		EF4EF84E1CA34D9500FD897F = {
			isa = PBXGroup;
			children = (
				EF0E0F5B1D8845B70085EB7F /* Memo */,
				EF4EF8591CA34D9500FD897F /* iFlightPlan */,
				EF4EF8731CA34D9600FD897F /* iFlightPlanTests */,
				EF4EF87E1CA34D9600FD897F /* iFlightPlanUITests */,
				EF4EF8581CA34D9500FD897F /* Products */,
				EFE3F1571D934DAD003A5903 /* Frameworks */,
			);
			sourceTree = "<group>";
		};
		EF4EF8581CA34D9500FD897F /* Products */ = {
			isa = PBXGroup;
			children = (
				EF4EF8571CA34D9500FD897F /* iFlightPlan.app */,
				EF4EF8701CA34D9600FD897F /* iFlightPlanTests.xctest */,
				EF4EF87B1CA34D9600FD897F /* iFlightPlanUITests.xctest */,
			);
			name = Products;
			sourceTree = "<group>";
		};
		EF4EF8591CA34D9500FD897F /* iFlightPlan */ = {
			isa = PBXGroup;
			children = (
				EF31A0FC1D95922300F8048D /* Plan */,
				EFE3F1511D934360003A5903 /* SunMoon */,
				EF4EF85D1CA34D9500FD897F /* AppDelegate.h */,
				EF4EF85E1CA34D9500FD897F /* AppDelegate.m */,
				EF4EF8631CA34D9500FD897F /* Main.storyboard */,
				EF4EF8661CA34D9500FD897F /* Assets.xcassets */,
				EF4EF8681CA34D9500FD897F /* LaunchScreen.storyboard */,
				EF4EF86B1CA34D9500FD897F /* Info.plist */,
				EF4EF85A1CA34D9500FD897F /* Supporting Files */,
				EFE3F1451D92DDCA003A5903 /* TitleViewController.h */,
				EFE3F1461D92DDCA003A5903 /* TitleViewController.m */,
				EFE3F1541D934896003A5903 /* PDFReader.h */,
				EFE3F1551D934896003A5903 /* PDFReader.m */,
				EF0E73051DA026EA000BC8F4 /* test plan */,
				EF31A0FD1D95928100F8048D /* SummeryViewController.h */,
				EF31A0FE1D95928100F8048D /* SummeryViewController.m */,
				EF0E73061DA2790A000BC8F4 /* MainTabBarController.h */,
				EF0E73071DA2790A000BC8F4 /* MainTabBarController.m */,
				EF226E8C1DA547FD0068C4AF /* CourseCalc.h */,
				EF226E8D1DA547FD0068C4AF /* CourseCalc.m */,
				EF226E921DA8043C0068C4AF /* SelectTimeViewController.h */,
				EF226E931DA8043C0068C4AF /* SelectTimeViewController.m */,
			);
			path = iFlightPlan;
			sourceTree = "<group>";
		};
		EF4EF85A1CA34D9500FD897F /* Supporting Files */ = {
			isa = PBXGroup;
			children = (
				EF4EF85B1CA34D9500FD897F /* main.m */,
			);
			name = "Supporting Files";
			sourceTree = "<group>";
		};
		EF4EF8731CA34D9600FD897F /* iFlightPlanTests */ = {
			isa = PBXGroup;
			children = (
				EF4EF8741CA34D9600FD897F /* iFlightPlanTests.m */,
				EF4EF8761CA34D9600FD897F /* Info.plist */,
			);
			path = iFlightPlanTests;
			sourceTree = "<group>";
		};
		EF4EF87E1CA34D9600FD897F /* iFlightPlanUITests */ = {
			isa = PBXGroup;
			children = (
				EF4EF87F1CA34D9600FD897F /* iFlightPlanUITests.m */,
				EF4EF8811CA34D9600FD897F /* Info.plist */,
			);
			path = iFlightPlanUITests;
			sourceTree = "<group>";
		};
		EFE3F1511D934360003A5903 /* SunMoon */ = {
			isa = PBXGroup;
			children = (
				EF226E8F1DA6A0F10068C4AF /* SunMoon.h */,
				EF226E901DA6A0F10068C4AF /* SunMoon.m */,
				EF4EF88F1CA34E1F00FD897F /* SunMoonCalc.h */,
				EF4EF8901CA34E1F00FD897F /* SunMoonCalc.m */,
				EF2116BC1CB1247A004F9F9A /* SunMoonCalc2.h */,
				EF2116BD1CB1247A004F9F9A /* SunMoonCalc2.m */,
				EF2116BF1CB2B34C004F9F9A /* SunMoonCalc2Data.h */,
				EF2116C01CB2B34C004F9F9A /* SunMoonCalc2Data.m */,
			);
			name = SunMoon;
			sourceTree = "<group>";
		};
		EFE3F1571D934DAD003A5903 /* Frameworks */ = {
			isa = PBXGroup;
			children = (
				EFE3F1581D934DAD003A5903 /* CoreGraphics.framework */,
			);
			name = Frameworks;
			sourceTree = "<group>";
		};
/* End PBXGroup section */

/* Begin PBXNativeTarget section */
		EF4EF8561CA34D9500FD897F /* iFlightPlan */ = {
			isa = PBXNativeTarget;
			buildConfigurationList = EF4EF8841CA34D9600FD897F /* Build configuration list for PBXNativeTarget "iFlightPlan" */;
			buildPhases = (
				EF4EF8531CA34D9500FD897F /* Sources */,
				EF4EF8541CA34D9500FD897F /* Frameworks */,
				EF4EF8551CA34D9500FD897F /* Resources */,
			);
			buildRules = (
			);
			dependencies = (
			);
			name = iFlightPlan;
			productName = iFlightPlan;
			productReference = EF4EF8571CA34D9500FD897F /* iFlightPlan.app */;
			productType = "com.apple.product-type.application";
		};
		EF4EF86F1CA34D9600FD897F /* iFlightPlanTests */ = {
			isa = PBXNativeTarget;
			buildConfigurationList = EF4EF8871CA34D9600FD897F /* Build configuration list for PBXNativeTarget "iFlightPlanTests" */;
			buildPhases = (
				EF4EF86C1CA34D9600FD897F /* Sources */,
				EF4EF86D1CA34D9600FD897F /* Frameworks */,
				EF4EF86E1CA34D9600FD897F /* Resources */,
			);
			buildRules = (
			);
			dependencies = (
				EF4EF8721CA34D9600FD897F /* PBXTargetDependency */,
			);
			name = iFlightPlanTests;
			productName = iFlightPlanTests;
			productReference = EF4EF8701CA34D9600FD897F /* iFlightPlanTests.xctest */;
			productType = "com.apple.product-type.bundle.unit-test";
		};
		EF4EF87A1CA34D9600FD897F /* iFlightPlanUITests */ = {
			isa = PBXNativeTarget;
			buildConfigurationList = EF4EF88A1CA34D9600FD897F /* Build configuration list for PBXNativeTarget "iFlightPlanUITests" */;
			buildPhases = (
				EF4EF8771CA34D9600FD897F /* Sources */,
				EF4EF8781CA34D9600FD897F /* Frameworks */,
				EF4EF8791CA34D9600FD897F /* Resources */,
			);
			buildRules = (
			);
			dependencies = (
				EF4EF87D1CA34D9600FD897F /* PBXTargetDependency */,
			);
			name = iFlightPlanUITests;
			productName = iFlightPlanUITests;
			productReference = EF4EF87B1CA34D9600FD897F /* iFlightPlanUITests.xctest */;
			productType = "com.apple.product-type.bundle.ui-testing";
		};
/* End PBXNativeTarget section */

/* Begin PBXProject section */
		EF4EF84F1CA34D9500FD897F /* Project object */ = {
			isa = PBXProject;
			attributes = {
				LastUpgradeCheck = 0800;
				ORGANIZATIONNAME = "Another Sky";
				TargetAttributes = {
					EF4EF8561CA34D9500FD897F = {
						CreatedOnToolsVersion = 7.1;
						DevelopmentTeam = 54H8SCQ8AA;
					};
					EF4EF86F1CA34D9600FD897F = {
						CreatedOnToolsVersion = 7.1;
						TestTargetID = EF4EF8561CA34D9500FD897F;
					};
					EF4EF87A1CA34D9600FD897F = {
						CreatedOnToolsVersion = 7.1;
						TestTargetID = EF4EF8561CA34D9500FD897F;
					};
				};
			};
			buildConfigurationList = EF4EF8521CA34D9500FD897F /* Build configuration list for PBXProject "iFlightPlan" */;
			compatibilityVersion = "Xcode 3.2";
			developmentRegion = English;
			hasScannedForEncodings = 0;
			knownRegions = (
				en,
				Base,
			);
			mainGroup = EF4EF84E1CA34D9500FD897F;
			productRefGroup = EF4EF8581CA34D9500FD897F /* Products */;
			projectDirPath = "";
			projectRoot = "";
			targets = (
				EF4EF8561CA34D9500FD897F /* iFlightPlan */,
				EF4EF86F1CA34D9600FD897F /* iFlightPlanTests */,
				EF4EF87A1CA34D9600FD897F /* iFlightPlanUITests */,
			);
		};
/* End PBXProject section */

/* Begin PBXResourcesBuildPhase section */
		EF4EF8551CA34D9500FD897F /* Resources */ = {
			isa = PBXResourcesBuildPhase;
			buildActionMask = 2147483647;
			files = (
				EF4EF86A1CA34D9500FD897F /* LaunchScreen.storyboard in Resources */,
				EF0E73031DA026E1000BC8F4 /* 197809.pdf in Resources */,
				EF2526A01D9D788900B5E392 /* DoubleLinePlanColumnView.xib in Resources */,
				EF0E72FF1DA026E1000BC8F4 /* 297241.pdf in Resources */,
				EFE3F15B1D942D55003A5903 /* 292650.pdf in Resources */,
				EF4EF8671CA34D9500FD897F /* Assets.xcassets in Resources */,
				EF0E73041DA026E1000BC8F4 /* 184825.pdf in Resources */,
				EF0E73021DA026E1000BC8F4 /* 217564.pdf in Resources */,
				EF0E73001DA026E1000BC8F4 /* 297063.pdf in Resources */,
				EF0E0F5C1D8845B70085EB7F /* Memo in Resources */,
				EF4EF8651CA34D9500FD897F /* Main.storyboard in Resources */,
				EF226E8B1DA51E750068C4AF /* SingleLinePlanColumnView.xib in Resources */,
				EF0E73011DA026E1000BC8F4 /* 274630.pdf in Resources */,
				EF226E821DA363760068C4AF /* 314662.pdf in Resources */,
			);
			runOnlyForDeploymentPostprocessing = 0;
		};
		EF4EF86E1CA34D9600FD897F /* Resources */ = {
			isa = PBXResourcesBuildPhase;
			buildActionMask = 2147483647;
			files = (
			);
			runOnlyForDeploymentPostprocessing = 0;
		};
		EF4EF8791CA34D9600FD897F /* Resources */ = {
			isa = PBXResourcesBuildPhase;
			buildActionMask = 2147483647;
			files = (
			);
			runOnlyForDeploymentPostprocessing = 0;
		};
/* End PBXResourcesBuildPhase section */

/* Begin PBXSourcesBuildPhase section */
		EF4EF8531CA34D9500FD897F /* Sources */ = {
			isa = PBXSourcesBuildPhase;
			buildActionMask = 2147483647;
			files = (
				EF48F8C61CD55A7B004DC03A /* PlanTableViewCell.m in Sources */,
				EF0E73081DA2790A000BC8F4 /* MainTabBarController.m in Sources */,
				EFE3F1561D934896003A5903 /* PDFReader.m in Sources */,
				EF226E941DA8043C0068C4AF /* SelectTimeViewController.m in Sources */,
				EF226E8E1DA547FD0068C4AF /* CourseCalc.m in Sources */,
				EFE3F1471D92DDCA003A5903 /* TitleViewController.m in Sources */,
				EF4EF8621CA34D9500FD897F /* PlanViewController.m in Sources */,
				EF4EF85F1CA34D9500FD897F /* AppDelegate.m in Sources */,
				EF31A0FF1D95928100F8048D /* SummeryViewController.m in Sources */,
				EF2116BE1CB1247A004F9F9A /* SunMoonCalc2.m in Sources */,
				EF2D0DBF1D9FAC030099B505 /* DoubleLinePlanColumnView.m in Sources */,
				EF226E891DA51E130068C4AF /* SingleLinePlanColumnView.m in Sources */,
				EF4EF8911CA34E1F00FD897F /* SunMoonCalc.m in Sources */,
				EF4EF85C1CA34D9500FD897F /* main.m in Sources */,
				EF2116C11CB2B34C004F9F9A /* SunMoonCalc2Data.m in Sources */,
				EF226E911DA6A0F10068C4AF /* SunMoon.m in Sources */,
			);
			runOnlyForDeploymentPostprocessing = 0;
		};
		EF4EF86C1CA34D9600FD897F /* Sources */ = {
			isa = PBXSourcesBuildPhase;
			buildActionMask = 2147483647;
			files = (
				EF4EF8751CA34D9600FD897F /* iFlightPlanTests.m in Sources */,
			);
			runOnlyForDeploymentPostprocessing = 0;
		};
		EF4EF8771CA34D9600FD897F /* Sources */ = {
			isa = PBXSourcesBuildPhase;
			buildActionMask = 2147483647;
			files = (
				EF4EF8801CA34D9600FD897F /* iFlightPlanUITests.m in Sources */,
			);
			runOnlyForDeploymentPostprocessing = 0;
		};
/* End PBXSourcesBuildPhase section */

/* Begin PBXTargetDependency section */
		EF4EF8721CA34D9600FD897F /* PBXTargetDependency */ = {
			isa = PBXTargetDependency;
			target = EF4EF8561CA34D9500FD897F /* iFlightPlan */;
			targetProxy = EF4EF8711CA34D9600FD897F /* PBXContainerItemProxy */;
		};
		EF4EF87D1CA34D9600FD897F /* PBXTargetDependency */ = {
			isa = PBXTargetDependency;
			target = EF4EF8561CA34D9500FD897F /* iFlightPlan */;
			targetProxy = EF4EF87C1CA34D9600FD897F /* PBXContainerItemProxy */;
		};
/* End PBXTargetDependency section */

/* Begin PBXVariantGroup section */
		EF4EF8631CA34D9500FD897F /* Main.storyboard */ = {
			isa = PBXVariantGroup;
			children = (
				EF4EF8641CA34D9500FD897F /* Base */,
			);
			name = Main.storyboard;
			sourceTree = "<group>";
		};
		EF4EF8681CA34D9500FD897F /* LaunchScreen.storyboard */ = {
			isa = PBXVariantGroup;
			children = (
				EF4EF8691CA34D9500FD897F /* Base */,
			);
			name = LaunchScreen.storyboard;
			sourceTree = "<group>";
		};
/* End PBXVariantGroup section */

/* Begin XCBuildConfiguration section */
		EF4EF8821CA34D9600FD897F /* Debug */ = {
			isa = XCBuildConfiguration;
			buildSettings = {
				ALWAYS_SEARCH_USER_PATHS = NO;
				CLANG_CXX_LANGUAGE_STANDARD = "gnu++0x";
				CLANG_CXX_LIBRARY = "libc++";
				CLANG_ENABLE_MODULES = YES;
				CLANG_ENABLE_OBJC_ARC = YES;
				CLANG_WARN_BOOL_CONVERSION = YES;
				CLANG_WARN_CONSTANT_CONVERSION = YES;
				CLANG_WARN_DIRECT_OBJC_ISA_USAGE = YES_ERROR;
				CLANG_WARN_EMPTY_BODY = YES;
				CLANG_WARN_ENUM_CONVERSION = YES;
				CLANG_WARN_INFINITE_RECURSION = YES;
				CLANG_WARN_INT_CONVERSION = YES;
				CLANG_WARN_OBJC_ROOT_CLASS = YES_ERROR;
				CLANG_WARN_SUSPICIOUS_MOVE = YES;
				CLANG_WARN_UNREACHABLE_CODE = YES;
				CLANG_WARN__DUPLICATE_METHOD_MATCH = YES;
				"CODE_SIGN_IDENTITY[sdk=iphoneos*]" = "iPhone Developer";
				COPY_PHASE_STRIP = NO;
				DEBUG_INFORMATION_FORMAT = dwarf;
				ENABLE_STRICT_OBJC_MSGSEND = YES;
				ENABLE_TESTABILITY = YES;
				GCC_C_LANGUAGE_STANDARD = gnu99;
				GCC_DYNAMIC_NO_PIC = NO;
				GCC_NO_COMMON_BLOCKS = YES;
				GCC_OPTIMIZATION_LEVEL = 0;
				GCC_PREPROCESSOR_DEFINITIONS = (
					"DEBUG=1",
					"$(inherited)",
				);
				GCC_WARN_64_TO_32_BIT_CONVERSION = YES;
				GCC_WARN_ABOUT_RETURN_TYPE = YES_ERROR;
				GCC_WARN_UNDECLARED_SELECTOR = YES;
				GCC_WARN_UNINITIALIZED_AUTOS = YES_AGGRESSIVE;
				GCC_WARN_UNUSED_FUNCTION = YES;
				GCC_WARN_UNUSED_VARIABLE = YES;
				IPHONEOS_DEPLOYMENT_TARGET = 9.1;
				MTL_ENABLE_DEBUG_INFO = YES;
				ONLY_ACTIVE_ARCH = YES;
				SDKROOT = iphoneos;
				TARGETED_DEVICE_FAMILY = 2;
			};
			name = Debug;
		};
		EF4EF8831CA34D9600FD897F /* Release */ = {
			isa = XCBuildConfiguration;
			buildSettings = {
				ALWAYS_SEARCH_USER_PATHS = NO;
				CLANG_CXX_LANGUAGE_STANDARD = "gnu++0x";
				CLANG_CXX_LIBRARY = "libc++";
				CLANG_ENABLE_MODULES = YES;
				CLANG_ENABLE_OBJC_ARC = YES;
				CLANG_WARN_BOOL_CONVERSION = YES;
				CLANG_WARN_CONSTANT_CONVERSION = YES;
				CLANG_WARN_DIRECT_OBJC_ISA_USAGE = YES_ERROR;
				CLANG_WARN_EMPTY_BODY = YES;
				CLANG_WARN_ENUM_CONVERSION = YES;
				CLANG_WARN_INFINITE_RECURSION = YES;
				CLANG_WARN_INT_CONVERSION = YES;
				CLANG_WARN_OBJC_ROOT_CLASS = YES_ERROR;
				CLANG_WARN_SUSPICIOUS_MOVE = YES;
				CLANG_WARN_UNREACHABLE_CODE = YES;
				CLANG_WARN__DUPLICATE_METHOD_MATCH = YES;
				"CODE_SIGN_IDENTITY[sdk=iphoneos*]" = "iPhone Developer";
				COPY_PHASE_STRIP = NO;
				DEBUG_INFORMATION_FORMAT = "dwarf-with-dsym";
				ENABLE_NS_ASSERTIONS = NO;
				ENABLE_STRICT_OBJC_MSGSEND = YES;
				GCC_C_LANGUAGE_STANDARD = gnu99;
				GCC_NO_COMMON_BLOCKS = YES;
				GCC_WARN_64_TO_32_BIT_CONVERSION = YES;
				GCC_WARN_ABOUT_RETURN_TYPE = YES_ERROR;
				GCC_WARN_UNDECLARED_SELECTOR = YES;
				GCC_WARN_UNINITIALIZED_AUTOS = YES_AGGRESSIVE;
				GCC_WARN_UNUSED_FUNCTION = YES;
				GCC_WARN_UNUSED_VARIABLE = YES;
				IPHONEOS_DEPLOYMENT_TARGET = 9.1;
				MTL_ENABLE_DEBUG_INFO = NO;
				SDKROOT = iphoneos;
				TARGETED_DEVICE_FAMILY = 2;
				VALIDATE_PRODUCT = YES;
			};
			name = Release;
		};
		EF4EF8851CA34D9600FD897F /* Debug */ = {
			isa = XCBuildConfiguration;
			buildSettings = {
				ASSETCATALOG_COMPILER_APPICON_NAME = AppIcon;
				DEVELOPMENT_TEAM = 54H8SCQ8AA;
				INFOPLIST_FILE = iFlightPlan/Info.plist;
				LD_RUNPATH_SEARCH_PATHS = "$(inherited) @executable_path/Frameworks";
				PRODUCT_BUNDLE_IDENTIFIER = com.micchann.iFlightPlan;
				PRODUCT_NAME = "$(TARGET_NAME)";
			};
			name = Debug;
		};
		EF4EF8861CA34D9600FD897F /* Release */ = {
			isa = XCBuildConfiguration;
			buildSettings = {
				ASSETCATALOG_COMPILER_APPICON_NAME = AppIcon;
				DEVELOPMENT_TEAM = 54H8SCQ8AA;
				INFOPLIST_FILE = iFlightPlan/Info.plist;
				LD_RUNPATH_SEARCH_PATHS = "$(inherited) @executable_path/Frameworks";
				PRODUCT_BUNDLE_IDENTIFIER = com.micchann.iFlightPlan;
				PRODUCT_NAME = "$(TARGET_NAME)";
			};
			name = Release;
		};
		EF4EF8881CA34D9600FD897F /* Debug */ = {
			isa = XCBuildConfiguration;
			buildSettings = {
				BUNDLE_LOADER = "$(TEST_HOST)";
				INFOPLIST_FILE = iFlightPlanTests/Info.plist;
				LD_RUNPATH_SEARCH_PATHS = "$(inherited) @executable_path/Frameworks @loader_path/Frameworks";
				PRODUCT_BUNDLE_IDENTIFIER = com.micchann.iFlightPlanTests;
				PRODUCT_NAME = "$(TARGET_NAME)";
				TEST_HOST = "$(BUILT_PRODUCTS_DIR)/iFlightPlan.app/iFlightPlan";
			};
			name = Debug;
		};
		EF4EF8891CA34D9600FD897F /* Release */ = {
			isa = XCBuildConfiguration;
			buildSettings = {
				BUNDLE_LOADER = "$(TEST_HOST)";
				INFOPLIST_FILE = iFlightPlanTests/Info.plist;
				LD_RUNPATH_SEARCH_PATHS = "$(inherited) @executable_path/Frameworks @loader_path/Frameworks";
				PRODUCT_BUNDLE_IDENTIFIER = com.micchann.iFlightPlanTests;
				PRODUCT_NAME = "$(TARGET_NAME)";
				TEST_HOST = "$(BUILT_PRODUCTS_DIR)/iFlightPlan.app/iFlightPlan";
			};
			name = Release;
		};
		EF4EF88B1CA34D9600FD897F /* Debug */ = {
			isa = XCBuildConfiguration;
			buildSettings = {
				INFOPLIST_FILE = iFlightPlanUITests/Info.plist;
				LD_RUNPATH_SEARCH_PATHS = "$(inherited) @executable_path/Frameworks @loader_path/Frameworks";
				PRODUCT_BUNDLE_IDENTIFIER = com.micchann.iFlightPlanUITests;
				PRODUCT_NAME = "$(TARGET_NAME)";
				TEST_TARGET_NAME = iFlightPlan;
				USES_XCTRUNNER = YES;
			};
			name = Debug;
		};
		EF4EF88C1CA34D9600FD897F /* Release */ = {
			isa = XCBuildConfiguration;
			buildSettings = {
				INFOPLIST_FILE = iFlightPlanUITests/Info.plist;
				LD_RUNPATH_SEARCH_PATHS = "$(inherited) @executable_path/Frameworks @loader_path/Frameworks";
				PRODUCT_BUNDLE_IDENTIFIER = com.micchann.iFlightPlanUITests;
				PRODUCT_NAME = "$(TARGET_NAME)";
				TEST_TARGET_NAME = iFlightPlan;
				USES_XCTRUNNER = YES;
			};
			name = Release;
		};
/* End XCBuildConfiguration section */

/* Begin XCConfigurationList section */
		EF4EF8521CA34D9500FD897F /* Build configuration list for PBXProject "iFlightPlan" */ = {
			isa = XCConfigurationList;
			buildConfigurations = (
				EF4EF8821CA34D9600FD897F /* Debug */,
				EF4EF8831CA34D9600FD897F /* Release */,
			);
			defaultConfigurationIsVisible = 0;
			defaultConfigurationName = Release;
		};
		EF4EF8841CA34D9600FD897F /* Build configuration list for PBXNativeTarget "iFlightPlan" */ = {
			isa = XCConfigurationList;
			buildConfigurations = (
				EF4EF8851CA34D9600FD897F /* Debug */,
				EF4EF8861CA34D9600FD897F /* Release */,
			);
			defaultConfigurationIsVisible = 0;
			defaultConfigurationName = Release;
		};
		EF4EF8871CA34D9600FD897F /* Build configuration list for PBXNativeTarget "iFlightPlanTests" */ = {
			isa = XCConfigurationList;
			buildConfigurations = (
				EF4EF8881CA34D9600FD897F /* Debug */,
				EF4EF8891CA34D9600FD897F /* Release */,
			);
			defaultConfigurationIsVisible = 0;
			defaultConfigurationName = Release;
		};
		EF4EF88A1CA34D9600FD897F /* Build configuration list for PBXNativeTarget "iFlightPlanUITests" */ = {
			isa = XCConfigurationList;
			buildConfigurations = (
				EF4EF88B1CA34D9600FD897F /* Debug */,
				EF4EF88C1CA34D9600FD897F /* Release */,
			);
			defaultConfigurationIsVisible = 0;
			defaultConfigurationName = Release;
		};
/* End XCConfigurationList section */
	};
	rootObject = EF4EF84F1CA34D9500FD897F /* Project object */;
}
